Microsoft Visual Studio Solution File, Format Version 12.00
# Visual Studio Version 17
VisualStudioVersion = 17.5.2.0
MinimumVisualStudioVersion = 10.0.40219.1
Project("{FAE04EC0-301F-11D3-BF4B-00C04F79EFBC}") = "POSTSISTEM", "POSTSISTEM.csproj", "{633A1D3A-C242-3797-14C9-40A533BB98E8}"
EndProject
Global
	GlobalSection(SolutionConfigurationPlatforms) = preSolution
		Debug|Any CPU = Debug|Any CPU
		Release|Any CPU = Release|Any CPU
	EndGlobalSection
	GlobalSection(ProjectConfigurationPlatforms) = postSolution
		{633A1D3A-C242-3797-14C9-40A533BB98E8}.Debug|Any CPU.ActiveCfg = Debug|Any CPU
		{633A1D3A-C242-3797-14C9-40A533BB98E8}.Debug|Any CPU.Build.0 = Debug|Any CPU
		{633A1D3A-C242-3797-14C9-40A533BB98E8}.Release|Any CPU.ActiveCfg = Release|Any CPU
		{633A1D3A-C242-3797-14C9-40A533BB98E8}.Release|Any CPU.Build.0 = Release|Any CPU
	EndGlobalSection
	GlobalSection(SolutionProperties) = preSolution
		HideSolutionNode = FALSE
	EndGlobalSection
	GlobalSection(ExtensibilityGlobals) = postSolution
		SolutionGuid = {52AEB9C6-592A-4C89-BD28-1F36506E154C}
	EndGlobalSection
EndGlobal
